# This file is generated by running "yarn install" inside your project.
# Manual changes might be lost - proceed with caution!

__metadata:
  version: 8
  cacheKey: 10c0

"@types/react-dom@npm:^19.2.3":
  version: 19.2.3
  resolution: "@types/react-dom@npm:19.2.3"
  peerDependencies:
    "@types/react": ^19.2.0
  checksum: 10c0/b486ebe0f4e2fb35e2e108df1d8fc0927ca5d6002d5771e8a739de11239fe62d0e207c50886185253c99eb9dedfeeb956ea7429e5ba17f6693c7acb4c02f8cd1
  languageName: node
  linkType: hard

"@types/react@npm:^19.2.14":
  version: 19.2.14
  resolution: "@types/react@npm:19.2.14"
  dependencies:
    csstype: "npm:^3.2.2"
  checksum: 10c0/7d25bf41b57719452d86d2ac0570b659210402707313a36ee612666bf11275a1c69824f8c3ee1fdca077ccfe15452f6da8f1224529b917050eb2d861e52b59b7
  languageName: node
  linkType: hard

"@types/use-sync-external-store@npm:^0.0.6":
  version: 0.0.6
  resolution: "@types/use-sync-external-store@npm:0.0.6"
  checksum: 10c0/77c045a98f57488201f678b181cccd042279aff3da34540ad242f893acc52b358bd0a8207a321b8ac09adbcef36e3236944390e2df4fcedb556ce7bb2a88f2a8
  languageName: node
  linkType: hard

"csstype@npm:^3.2.2":
  version: 3.2.3
  resolution: "csstype@npm:3.2.3"
  checksum: 10c0/cd29c51e70fa822f1cecd8641a1445bed7063697469d35633b516e60fe8c1bde04b08f6c5b6022136bb669b64c63d4173af54864510fbb4ee23281801841a3ce
  languageName: node
  linkType: hard

"react-redux@npm:^9.2.0":
  version: 9.2.0
  resolution: "react-redux@npm:9.2.0"
  dependencies:
    "@types/use-sync-external-store": "npm:^0.0.6"
    use-sync-external-store: "npm:^1.4.0"
  peerDependencies:
    "@types/react": ^18.2.25 || ^19
    react: ^18.0 || ^19
    redux: ^5.0.0
  peerDependenciesMeta:
    "@types/react":
      optional: true
    redux:
      optional: true
  checksum: 10c0/00d485f9d9219ca1507b4d30dde5f6ff8fb68ba642458f742e0ec83af052f89e65cd668249b99299e1053cc6ad3d2d8ac6cb89e2f70d2ac5585ae0d7fa0ef259
  languageName: node
  linkType: hard

"root-workspace-0b6124@workspace:.":
  version: 0.0.0-use.local
  resolution: "root-workspace-0b6124@workspace:."
  dependencies:
    "@types/react": "npm:^19.2.14"
    "@types/react-dom": "npm:^19.2.3"
    react-redux: "npm:^9.2.0"
    yarn: "npm:^1.22.22"
  languageName: unknown
  linkType: soft

"use-sync-external-store@npm:^1.4.0":
  version: 1.6.0
  resolution: "use-sync-external-store@npm:1.6.0"
  peerDependencies:
    react: ^16.8.0 || ^17.0.0 || ^18.0.0 || ^19.0.0
  checksum: 10c0/35e1179f872a53227bdf8a827f7911da4c37c0f4091c29b76b1e32473d1670ebe7bcd880b808b7549ba9a5605c233350f800ffab963ee4a4ee346ee983b6019b
  languageName: node
  linkType: hard

"yarn@npm:^1.22.22":
  version: 1.22.22
  resolution: "yarn@npm:1.22.22"
  bin:
    yarn: bin/yarn.js
    yarnpkg: bin/yarn.js
  checksum: 10c0/8c77198c93d7542e7f4e131c63b66de357b7076ecfbcfe709ec0d674115c2dd9edaa45196e5510e6e9366d368707a802579e3402071002e1c9d9a99d491478de
  languageName: node
  linkType: hard
